// !$*UTF8*$!
{
	archiveVersion = 1;
	classes = {
	};
	objectVersion = 50;
	objects = {

/* Begin PBXBuildFile section */
		86FF200B25512ADB00B1962D /* AppDelegate.m in Sources */ = {isa = PBXBuildFile; fileRef = 86FF200A25512ADB00B1962D /* AppDelegate.m */; };
		86FF200E25512ADB00B1962D /* SceneDelegate.m in Sources */ = {isa = PBXBuildFile; fileRef = 86FF200D25512ADB00B1962D /* SceneDelegate.m */; };
		86FF201125512ADB00B1962D /* ViewController.m in Sources */ = {isa = PBXBuildFile; fileRef = 86FF201025512ADB00B1962D /* ViewController.m */; };
		86FF201425512ADB00B1962D /* Main.storyboard in Resources */ = {isa = PBXBuildFile; fileRef = 86FF201225512ADB00B1962D /* Main.storyboard */; };
		86FF201625512ADD00B1962D /* Assets.xcassets in Resources */ = {isa = PBXBuildFile; fileRef = 86FF201525512ADD00B1962D /* Assets.xcassets */; };
		86FF201925512ADD00B1962D /* LaunchScreen.storyboard in Resources */ = {isa = PBXBuildFile; fileRef = 86FF201725512ADD00B1962D /* LaunchScreen.storyboard */; };
		86FF201C25512ADD00B1962D /* main.m in Sources */ = {isa = PBXBuildFile; fileRef = 86FF201B25512ADD00B1962D /* main.m */; };
/* End PBXBuildFile section */

/* Begin PBXFileReference section */
		86FF200625512ADB00B1962D /* SymbolHiddenDemo.app */ = {isa = PBXFileReference; explicitFileType = wrapper.application; includeInIndex = 0; path = SymbolHiddenDemo.app; sourceTree = BUILT_PRODUCTS_DIR; };
		86FF200925512ADB00B1962D /* AppDelegate.h */ = {isa = PBXFileReference; lastKnownFileType = sourcecode.c.h; path = AppDelegate.h; sourceTree = "<group>"; };
		86FF200A25512ADB00B1962D /* AppDelegate.m */ = {isa = PBXFileReference; lastKnownFileType = sourcecode.c.objc; path = AppDelegate.m; sourceTree = "<group>"; };
		86FF200C25512ADB00B1962D /* SceneDelegate.h */ = {isa = PBXFileReference; lastKnownFileType = sourcecode.c.h; path = SceneDelegate.h; sourceTree = "<group>"; };
		86FF200D25512ADB00B1962D /* SceneDelegate.m */ = {isa = PBXFileReference; lastKnownFileType = sourcecode.c.objc; path = SceneDelegate.m; sourceTree = "<group>"; };
		86FF200F25512ADB00B1962D /* ViewController.h */ = {isa = PBXFileReference; lastKnownFileType = sourcecode.c.h; path = ViewController.h; sourceTree = "<group>"; };
		86FF201025512ADB00B1962D /* ViewController.m */ = {isa = PBXFileReference; lastKnownFileType = sourcecode.c.objc; path = ViewController.m; sourceTree = "<group>"; };
		86FF201325512ADB00B1962D /* Base */ = {isa = PBXFileReference; lastKnownFileType = file.storyboard; name = Base; path = Base.lproj/Main.storyboard; sourceTree = "<group>"; };
		86FF201525512ADD00B1962D /* Assets.xcassets */ = {isa = PBXFileReference; lastKnownFileType = folder.assetcatalog; path = Assets.xcassets; sourceTree = "<group>"; };
		86FF201825512ADD00B1962D /* Base */ = {isa = PBXFileReference; lastKnownFileType = file.storyboard; name = Base; path = Base.lproj/LaunchScreen.storyboard; sourceTree = "<group>"; };
		86FF201A25512ADD00B1962D /* Info.plist */ = {isa = PBXFileReference; lastKnownFileType = text.plist.xml; path = Info.plist; sourceTree = "<group>"; };
		86FF201B25512ADD00B1962D /* main.m */ = {isa = PBXFileReference; lastKnownFileType = sourcecode.c.objc; path = main.m; sourceTree = "<group>"; };
/* End PBXFileReference section */

/* Begin PBXFrameworksBuildPhase section */
		86FF200325512ADB00B1962D /* Frameworks */ = {
			isa = PBXFrameworksBuildPhase;
			buildActionMask = 2147483647;
			files = (
			);
			runOnlyForDeploymentPostprocessing = 0;
		};
/* End PBXFrameworksBuildPhase section */

/* Begin PBXGroup section */
		86FF1FFD25512ADB00B1962D = {
			isa = PBXGroup;
			children = (
				86FF200825512ADB00B1962D /* SymbolHiddenDemo */,
				86FF200725512ADB00B1962D /* Products */,
			);
			sourceTree = "<group>";
		};
		86FF200725512ADB00B1962D /* Products */ = {
			isa = PBXGroup;
			children = (
				86FF200625512ADB00B1962D /* SymbolHiddenDemo.app */,
			);
			name = Products;
			sourceTree = "<group>";
		};
		86FF200825512ADB00B1962D /* SymbolHiddenDemo */ = {
			isa = PBXGroup;
			children = (
				86FF200925512ADB00B1962D /* AppDelegate.h */,
				86FF200A25512ADB00B1962D /* AppDelegate.m */,
				86FF200C25512ADB00B1962D /* SceneDelegate.h */,
				86FF200D25512ADB00B1962D /* SceneDelegate.m */,
				86FF200F25512ADB00B1962D /* ViewController.h */,
				86FF201025512ADB00B1962D /* ViewController.m */,
				86FF201225512ADB00B1962D /* Main.storyboard */,
				86FF201525512ADD00B1962D /* Assets.xcassets */,
				86FF201725512ADD00B1962D /* LaunchScreen.storyboard */,
				86FF201A25512ADD00B1962D /* Info.plist */,
				86FF201B25512ADD00B1962D /* main.m */,
			);
			path = SymbolHiddenDemo;
			sourceTree = "<group>";
		};
/* End PBXGroup section */

/* Begin PBXNativeTarget section */
		86FF200525512ADB00B1962D /* SymbolHiddenDemo */ = {
			isa = PBXNativeTarget;
			buildConfigurationList = 86FF201F25512ADD00B1962D /* Build configuration list for PBXNativeTarget "SymbolHiddenDemo" */;
			buildPhases = (
				86FF200225512ADB00B1962D /* Sources */,
				86FF200325512ADB00B1962D /* Frameworks */,
				86FF200425512ADB00B1962D /* Resources */,
			);
			buildRules = (
			);
			dependencies = (
			);
			name = SymbolHiddenDemo;
			productName = SymbolHiddenDemo;
			productReference = 86FF200625512ADB00B1962D /* SymbolHiddenDemo.app */;
			productType = "com.apple.product-type.application";
		};
/* End PBXNativeTarget section */

/* Begin PBXProject section */
		86FF1FFE25512ADB00B1962D /* Project object */ = {
			isa = PBXProject;
			attributes = {
				LastUpgradeCheck = 1210;
				TargetAttributes = {
					86FF200525512ADB00B1962D = {
						CreatedOnToolsVersion = 12.1;
					};
				};
			};
			buildConfigurationList = 86FF200125512ADB00B1962D /* Build configuration list for PBXProject "SymbolHiddenDemo" */;
			compatibilityVersion = "Xcode 9.3";
			developmentRegion = en;
			hasScannedForEncodings = 0;
			knownRegions = (
				en,
				Base,
			);
			mainGroup = 86FF1FFD25512ADB00B1962D;
			productRefGroup = 86FF200725512ADB00B1962D /* Products */;
			projectDirPath = "";
			projectRoot = "";
			targets = (
				86FF200525512ADB00B1962D /* SymbolHiddenDemo */,
			);
		};
/* End PBXProject section */

/* Begin PBXResourcesBuildPhase section */
		86FF200425512ADB00B1962D /* Resources */ = {
			isa = PBXResourcesBuildPhase;
			buildActionMask = 2147483647;
			files = (
				86FF201925512ADD00B1962D /* LaunchScreen.storyboard in Resources */,
				86FF201625512ADD00B1962D /* Assets.xcassets in Resources */,
				86FF201425512ADB00B1962D /* Main.storyboard in Resources */,
			);
			runOnlyForDeploymentPostprocessing = 0;
		};
/* End PBXResourcesBuildPhase section */

/* Begin PBXSourcesBuildPhase section */
		86FF200225512ADB00B1962D /* Sources */ = {
			isa = PBXSourcesBuildPhase;
			buildActionMask = 2147483647;
			files = (
				86FF201125512ADB00B1962D /* ViewController.m in Sources */,
				86FF200B25512ADB00B1962D /* AppDelegate.m in Sources */,
				86FF201C25512ADD00B1962D /* main.m in Sources */,
				86FF200E25512ADB00B1962D /* SceneDelegate.m in Sources */,
			);
			runOnlyForDeploymentPostprocessing = 0;
		};
/* End PBXSourcesBuildPhase section */

/* Begin PBXVariantGroup section */
		86FF201225512ADB00B1962D /* Main.storyboard */ = {
			isa = PBXVariantGroup;
			children = (
				86FF201325512ADB00B1962D /* Base */,
			);
			name = Main.storyboard;
			sourceTree = "<group>";
		};
		86FF201725512ADD00B1962D /* LaunchScreen.storyboard */ = {
			isa = PBXVariantGroup;
			children = (
				86FF201825512ADD00B1962D /* Base */,
			);
			name = LaunchScreen.storyboard;
			sourceTree = "<group>";
		};
/* End PBXVariantGroup section */

/* Begin XCBuildConfiguration section */
		86FF201D25512ADD00B1962D /* Debug */ = {
			isa = XCBuildConfiguration;
			buildSettings = {
				ALWAYS_SEARCH_USER_PATHS = NO;
				CLANG_ANALYZER_NONNULL = YES;
				CLANG_ANALYZER_NUMBER_OBJECT_CONVERSION = YES_AGGRESSIVE;
				CLANG_CXX_LANGUAGE_STANDARD = "gnu++14";
				CLANG_CXX_LIBRARY = "libc++";
				CLANG_ENABLE_MODULES = YES;
				CLANG_ENABLE_OBJC_ARC = YES;
				CLANG_ENABLE_OBJC_WEAK = YES;
				CLANG_WARN_BLOCK_CAPTURE_AUTORELEASING = YES;
				CLANG_WARN_BOOL_CONVERSION = YES;
				CLANG_WARN_COMMA = YES;
				CLANG_WARN_CONSTANT_CONVERSION = YES;
				CLANG_WARN_DEPRECATED_OBJC_IMPLEMENTATIONS = YES;
				CLANG_WARN_DIRECT_OBJC_ISA_USAGE = YES_ERROR;
				CLANG_WARN_DOCUMENTATION_COMMENTS = YES;
				CLANG_WARN_EMPTY_BODY = YES;
				CLANG_WARN_ENUM_CONVERSION = YES;
				CLANG_WARN_INFINITE_RECURSION = YES;
				CLANG_WARN_INT_CONVERSION = YES;
				CLANG_WARN_NON_LITERAL_NULL_CONVERSION = YES;
				CLANG_WARN_OBJC_IMPLICIT_RETAIN_SELF = YES;
				CLANG_WARN_OBJC_LITERAL_CONVERSION = YES;
				CLANG_WARN_OBJC_ROOT_CLASS = YES_ERROR;
				CLANG_WARN_QUOTED_INCLUDE_IN_FRAMEWORK_HEADER = YES;
				CLANG_WARN_RANGE_LOOP_ANALYSIS = YES;
				CLANG_WARN_STRICT_PROTOTYPES = YES;
				CLANG_WARN_SUSPICIOUS_MOVE = YES;
				CLANG_WARN_UNGUARDED_AVAILABILITY = YES_AGGRESSIVE;
				CLANG_WARN_UNREACHABLE_CODE = YES;
				CLANG_WARN__DUPLICATE_METHOD_MATCH = YES;
				COPY_PHASE_STRIP = NO;
				DEBUG_INFORMATION_FORMAT = dwarf;
				ENABLE_STRICT_OBJC_MSGSEND = YES;
				ENABLE_TESTABILITY = YES;
				GCC_C_LANGUAGE_STANDARD = gnu11;
				GCC_DYNAMIC_NO_PIC = NO;
				GCC_NO_COMMON_BLOCKS = YES;
				GCC_OPTIMIZATION_LEVEL = 0;
				GCC_PREPROCESSOR_DEFINITIONS = (
					"DEBUG=1",
					"$(inherited)",
				);
				GCC_WARN_64_TO_32_BIT_CONVERSION = YES;
				GCC_WARN_ABOUT_RETURN_TYPE = YES_ERROR;
				GCC_WARN_UNDECLARED_SELECTOR = YES;
				GCC_WARN_UNINITIALIZED_AUTOS = YES_AGGRESSIVE;
				GCC_WARN_UNUSED_FUNCTION = YES;
				GCC_WARN_UNUSED_VARIABLE = YES;
				IPHONEOS_DEPLOYMENT_TARGET = 14.1;
				MTL_ENABLE_DEBUG_INFO = INCLUDE_SOURCE;
				MTL_FAST_MATH = YES;
				ONLY_ACTIVE_ARCH = YES;
				SDKROOT = iphoneos;
			};
			name = Debug;
		};
		86FF201E25512ADD00B1962D /* Release */ = {
			isa = XCBuildConfiguration;
			buildSettings = {
				ALWAYS_SEARCH_USER_PATHS = NO;
				CLANG_ANALYZER_NONNULL = YES;
				CLANG_ANALYZER_NUMBER_OBJECT_CONVERSION = YES_AGGRESSIVE;
				CLANG_CXX_LANGUAGE_STANDARD = "gnu++14";
				CLANG_CXX_LIBRARY = "libc++";
				CLANG_ENABLE_MODULES = YES;
				CLANG_ENABLE_OBJC_ARC = YES;
				CLANG_ENABLE_OBJC_WEAK = YES;
				CLANG_WARN_BLOCK_CAPTURE_AUTORELEASING = YES;
				CLANG_WARN_BOOL_CONVERSION = YES;
				CLANG_WARN_COMMA = YES;
				CLANG_WARN_CONSTANT_CONVERSION = YES;
				CLANG_WARN_DEPRECATED_OBJC_IMPLEMENTATIONS = YES;
				CLANG_WARN_DIRECT_OBJC_ISA_USAGE = YES_ERROR;
				CLANG_WARN_DOCUMENTATION_COMMENTS = YES;
				CLANG_WARN_EMPTY_BODY = YES;
				CLANG_WARN_ENUM_CONVERSION = YES;
				CLANG_WARN_INFINITE_RECURSION = YES;
				CLANG_WARN_INT_CONVERSION = YES;
				CLANG_WARN_NON_LITERAL_NULL_CONVERSION = YES;
				CLANG_WARN_OBJC_IMPLICIT_RETAIN_SELF = YES;
				CLANG_WARN_OBJC_LITERAL_CONVERSION = YES;
				CLANG_WARN_OBJC_ROOT_CLASS = YES_ERROR;
				CLANG_WARN_QUOTED_INCLUDE_IN_FRAMEWORK_HEADER = YES;
				CLANG_WARN_RANGE_LOOP_ANALYSIS = YES;
				CLANG_WARN_STRICT_PROTOTYPES = YES;
				CLANG_WARN_SUSPICIOUS_MOVE = YES;
				CLANG_WARN_UNGUARDED_AVAILABILITY = YES_AGGRESSIVE;
				CLANG_WARN_UNREACHABLE_CODE = YES;
				CLANG_WARN__DUPLICATE_METHOD_MATCH = YES;
				COPY_PHASE_STRIP = NO;
				DEBUG_INFORMATION_FORMAT = "dwarf-with-dsym";
				ENABLE_NS_ASSERTIONS = NO;
				ENABLE_STRICT_OBJC_MSGSEND = YES;
				GCC_C_LANGUAGE_STANDARD = gnu11;
				GCC_NO_COMMON_BLOCKS = YES;
				GCC_WARN_64_TO_32_BIT_CONVERSION = YES;
				GCC_WARN_ABOUT_RETURN_TYPE = YES_ERROR;
				GCC_WARN_UNDECLARED_SELECTOR = YES;
				GCC_WARN_UNINITIALIZED_AUTOS = YES_AGGRESSIVE;
				GCC_WARN_UNUSED_FUNCTION = YES;
				GCC_WARN_UNUSED_VARIABLE = YES;
				IPHONEOS_DEPLOYMENT_TARGET = 14.1;
				MTL_ENABLE_DEBUG_INFO = NO;
				MTL_FAST_MATH = YES;
				SDKROOT = iphoneos;
				VALIDATE_PRODUCT = YES;
			};
			name = Release;
		};
		86FF202025512ADD00B1962D /* Debug */ = {
			isa = XCBuildConfiguration;
			buildSettings = {
				ASSETCATALOG_COMPILER_APPICON_NAME = AppIcon;
				ASSETCATALOG_COMPILER_GLOBAL_ACCENT_COLOR_NAME = AccentColor;
				CODE_SIGN_STYLE = Automatic;
				DEVELOPMENT_TEAM = VB8MVMJBU4;
				INFOPLIST_FILE = SymbolHiddenDemo/Info.plist;
				LD_RUNPATH_SEARCH_PATHS = (
					"$(inherited)",
					"@executable_path/Frameworks",
				);
				PRODUCT_BUNDLE_IDENTIFIER = com.duobeiyun.SymbolHiddenDemo;
				PRODUCT_NAME = "$(TARGET_NAME)";
				TARGETED_DEVICE_FAMILY = "1,2";
			};
			name = Debug;
		};
		86FF202125512ADD00B1962D /* Release */ = {
			isa = XCBuildConfiguration;
			buildSettings = {
				ASSETCATALOG_COMPILER_APPICON_NAME = AppIcon;
				ASSETCATALOG_COMPILER_GLOBAL_ACCENT_COLOR_NAME = AccentColor;
				CODE_SIGN_STYLE = Automatic;
				DEVELOPMENT_TEAM = VB8MVMJBU4;
				INFOPLIST_FILE = SymbolHiddenDemo/Info.plist;
				LD_RUNPATH_SEARCH_PATHS = (
					"$(inherited)",
					"@executable_path/Frameworks",
				);
				PRODUCT_BUNDLE_IDENTIFIER = com.duobeiyun.SymbolHiddenDemo;
				PRODUCT_NAME = "$(TARGET_NAME)";
				TARGETED_DEVICE_FAMILY = "1,2";
			};
			name = Release;
		};
/* End XCBuildConfiguration section */

/* Begin XCConfigurationList section */
		86FF200125512ADB00B1962D /* Build configuration list for PBXProject "SymbolHiddenDemo" */ = {
			isa = XCConfigurationList;
			buildConfigurations = (
				86FF201D25512ADD00B1962D /* Debug */,
				86FF201E25512ADD00B1962D /* Release */,
			);
			defaultConfigurationIsVisible = 0;
			defaultConfigurationName = Release;
		};
		86FF201F25512ADD00B1962D /* Build configuration list for PBXNativeTarget "SymbolHiddenDemo" */ = {
			isa = XCConfigurationList;
			buildConfigurations = (
				86FF202025512ADD00B1962D /* Debug */,
				86FF202125512ADD00B1962D /* Release */,
			);
			defaultConfigurationIsVisible = 0;
			defaultConfigurationName = Release;
		};
/* End XCConfigurationList section */
	};
	rootObject = 86FF1FFE25512ADB00B1962D /* Project object */;
}
